github.com/golang-jwt/jwt/v5 v5.3.1 h1:kYf81DTWFe7t+1VvL7eS+jKFVWaUnK9cB1qbwn63YCY=
github.com/golang-jwt/jwt/v5 v5.3.1/go.mod h1:fxCRLWMO43lRc8nhHWY6LGqRcf+1gQWArsqaEUEa5bE=
github.com/google/uuid v1.6.0 h1:NIvaJDMOsjHA8n1jAhLSgzrAzy1Hgr+hNrb57e+94F0=
github.com/google/uuid v1.6.0/go.mod h1:TIyPZe4MgqvfeYDBFedMoGGpEw/LqOeaOT+nhxU+yHo=
github.com/sharlatan2005/chat_app_go_backend_pkg v0.0.0-20260812111019-19cbc87199b8 h1:Wj/xm7AJSQPagzZSOCbiExUHpY67nP69YW0UmJr03I4=
github.com/sharlatan2005/chat_app_go_backend_pkg v0.0.0-20260812111019-19cbc87199b8/go.mod h1:b3Pqxe+SHVmL1IJZiigwcx17TqhPgkKEm52fs5JrSBc=
